# Generated by pub
# See https://dart.dev/tools/pub/glossary#lockfile
packages:
  asn1lib:
    dependency: transitive
    description:
      name: asn1lib
      sha256: "9a8f69025044eb466b9b60ef3bc3ac99b4dc6c158ae9c56d25eeccf5bc56d024"
      url: "https://pub.dev"
    source: hosted
    version: "1.6.5"
  async:
    dependency: transitive
    description:
      name: async
      sha256: "758e6d74e971c3e5aceb4110bfd6698efc7f501675bcfe0c775459a8140750eb"
      url: "https://pub.dev"
    source: hosted
    version: "2.13.0"
  boolean_selector:
    dependency: transitive
    description:
      name: boolean_selector
      sha256: "8aab1771e1243a5063b8b0ff68042d67334e3feab9e95b9490f9a6ebf73b42ea"
      url: "https://pub.dev"
    source: hosted
    version: "2.1.2"
  characters:
    dependency: transitive
    description:
      name: characters
      sha256: f71061c654a3380576a52b451dd5532377954cf9dbd272a78fc8479606670803
      url: "https://pub.dev"
    source: hosted
    version: "1.4.0"
  clock:
    dependency: transitive
    description:
      name: clock
      sha256: fddb70d9b5277016c77a80201021d40a2247104d9f4aa7bab7157b7e3f05b84b
      url: "https://pub.dev"
    source: hosted
    version: "1.1.2"
  collection:
    dependency: transitive
    description:
      name: collection
      sha256: "2f5709ae4d3d59dd8f7cd309b4e023046b57d8a6c82130785d2b0e5868084e76"
      url: "https://pub.dev"
    source: hosted
    version: "1.19.1"
  convert:
    dependency: transitive
    description:
      name: convert
      sha256: b30acd5944035672bc15c6b7a8b47d773e41e2f17de064350988c5d02adb1c68
      url: "https://pub.dev"
    source: hosted
    version: "3.1.2"
  copy_with_extension:
    dependency: transitive
    description:
      name: copy_with_extension
      sha256: "09cf9385a0032af3724fd0d44fd7663bee7484ae0bc71c9734165476d5fc6e72"
      url: "https://pub.dev"
    source: hosted
    version: "9.1.1"
  crypto:
    dependency: transitive
    description:
      name: crypto
      sha256: c8ea0233063ba03258fbcf2ca4d6dadfefe14f02fab57702265467a19f27fadf
      url: "https://pub.dev"
    source: hosted
    version: "3.0.7"
  crypto_keys_plus:
    dependency: transitive
    description:
      name: crypto_keys_plus
      sha256: a64dc8b3555e730aa183067fbb666efd9996bc2d0cfda4517c77607d9e2adf91
      url: "https://pub.dev"
    source: hosted
    version: "0.5.0"
  fake_async:
    dependency: transitive
    description:
      name: fake_async
      sha256: "5368f224a74523e8d2e7399ea1638b37aecfca824a3cc4dfdf77bf1fa905ac44"
      url: "https://pub.dev"
    source: hosted
    version: "1.3.3"
  fast_rsa:
    dependency: transitive
    description:
      name: fast_rsa
      sha256: "3332ab9023288310ceaf990e4567e68adff6c2ef5cbe4a742866754016f0b943"
      url: "https://pub.dev"
    source: hosted
    version: "3.8.6"
  ffi:
    dependency: transitive
    description:
      name: ffi
      sha256: d07d37192dbf97461359c1518788f203b0c9102cfd2c35a716b823741219542c
      url: "https://pub.dev"
    source: hosted
    version: "2.1.5"
  file:
    dependency: transitive
    description:
      name: file
      sha256: a3b4f84adafef897088c160faf7dfffb7696046cb13ae90b508c2cbc95d3b8d4
      url: "https://pub.dev"
    source: hosted
    version: "7.0.1"
  fixnum:
    dependency: transitive
    description:
      name: fixnum
      sha256: b6dc7065e46c974bc7c5f143080a6764ec7a4be6da1285ececdc37be96de53be
      url: "https://pub.dev"
    source: hosted
    version: "1.1.1"
  flat_buffers:
    dependency: transitive
    description:
      name: flat_buffers
      sha256: "380bdcba5664a718bfd4ea20a45d39e13684f5318fcd8883066a55e21f37f4c3"
      url: "https://pub.dev"
    source: hosted
    version: "23.5.26"
  flutter:
    dependency: "direct main"
    description: flutter
    source: sdk
    version: "0.0.0"
  flutter_appauth:
    dependency: transitive
    description:
      name: flutter_appauth
      sha256: a989a17bb5089fbaff8c57b2d7ccbe031255ecda11a165da5ea1f349f008470d
      url: "https://pub.dev"
    source: hosted
    version: "10.0.0"
  flutter_appauth_platform_interface:
    dependency: transitive
    description:
      name: flutter_appauth_platform_interface
      sha256: "1bc3e9a3803840dfd4f1ffd1bfe06221f04f7e8a0a9d21524e220bc69df792f4"
      url: "https://pub.dev"
    source: hosted
    version: "10.0.0"
  flutter_driver:
    dependency: transitive
    description: flutter
    source: sdk
    version: "0.0.0"
  flutter_test:
    dependency: "direct dev"
    description: flutter
    source: sdk
    version: "0.0.0"
  flutter_web_plugins:
    dependency: transitive
    description: flutter
    source: sdk
    version: "0.0.0"
  fuchsia_remote_debug_protocol:
    dependency: transitive
    description: flutter
    source: sdk
    version: "0.0.0"
  http:
    dependency: transitive
    description:
      name: http
      sha256: "87721a4a50b19c7f1d49001e51409bddc46303966ce89a65af4f4e6004896412"
      url: "https://pub.dev"
    source: hosted
    version: "1.6.0"
  http_parser:
    dependency: transitive
    description:
      name: http_parser
      sha256: "178d74305e7866013777bab2c3d8726205dc5a4dd935297175b19a23a2e66571"
      url: "https://pub.dev"
    source: hosted
    version: "4.1.2"
  idb_shim:
    dependency: transitive
    description:
      name: idb_shim
      sha256: "532a6a39ddf03271954b2b4d4551d5bb1160fa17cb11330cf2fd6d57a1f0ea1f"
      url: "https://pub.dev"
    source: hosted
    version: "2.8.0"
  integration_test:
    dependency: "direct dev"
    description: flutter
    source: sdk
    version: "0.0.0"
  jose_plus:
    dependency: transitive
    description:
      name: jose_plus
      sha256: c262694c2f8e74825a70d0b7339c24a285fd8856f9b35b0848aa23fa1d26e724
      url: "https://pub.dev"
    source: hosted
    version: "0.4.7"
  json_annotation:
    dependency: transitive
    description:
      name: json_annotation
      sha256: "1ce844379ca14835a50d2f019a3099f419082cfdd231cd86a142af94dd5c6bb1"
      url: "https://pub.dev"
    source: hosted
    version: "4.9.0"
  just_throttle_it:
    dependency: transitive
    description:
      name: just_throttle_it
      sha256: af2d0c1e5c7f4e0bef79a55edf3d74c180908253f89203467bc432730f5fac5b
      url: "https://pub.dev"
    source: hosted
    version: "3.0.1"
  leak_tracker:
    dependency: transitive
    description:
      name: leak_tracker
      sha256: "33e2e26bdd85a0112ec15400c8cbffea70d0f9c3407491f672a2fad47915e2de"
      url: "https://pub.dev"
    source: hosted
    version: "11.0.2"
  leak_tracker_flutter_testing:
    dependency: transitive
    description:
      name: leak_tracker_flutter_testing
      sha256: "1dbc140bb5a23c75ea9c4811222756104fbcd1a27173f0c34ca01e16bea473c1"
      url: "https://pub.dev"
    source: hosted
    version: "3.0.10"
  leak_tracker_testing:
    dependency: transitive
    description:
      name: leak_tracker_testing
      sha256: "8d5a2d49f4a66b49744b23b018848400d23e54caf9463f4eb20df3eb8acb2eb1"
      url: "https://pub.dev"
    source: hosted
    version: "3.0.2"
  logging:
    dependency: transitive
    description:
      name: logging
      sha256: c8245ada5f1717ed44271ed1c26b8ce85ca3228fd2ffdb75468ab01979309d61
      url: "https://pub.dev"
    source: hosted
    version: "1.3.0"
  matcher:
    dependency: transitive
    description:
      name: matcher
      sha256: dc58c723c3c24bf8d3e2d3ad3f2f9d7bd9cf43ec6feaa64181775e60190153f2
      url: "https://pub.dev"
    source: hosted
    version: "0.12.17"
  material_color_utilities:
    dependency: transitive
    description:
      name: material_color_utilities
      sha256: f7142bb1154231d7ea5f96bc7bde4bda2a0945d2806bb11670e30b850d56bdec
      url: "https://pub.dev"
    source: hosted
    version: "0.11.1"
  meta:
    dependency: transitive
    description:
      name: meta
      sha256: "23f08335362185a5ea2ad3a4e597f1375e78bce8a040df5c600c8d3552ef2394"
      url: "https://pub.dev"
    source: hosted
    version: "1.17.0"
  nonce:
    dependency: transitive
    description:
      name: nonce
      sha256: bd279f698c9f641a64375a17040bd899061e46bdb9aa65bf846838bd3b8b437f
      url: "https://pub.dev"
    source: hosted
    version: "1.2.0"
  oidc:
    dependency: transitive
    description:
      name: oidc
      sha256: "5b05bd8a305e3d9329dae1c9b992978395182ac7a4ec41b3caa134a9773f468c"
      url: "https://pub.dev"
    source: hosted
    version: "0.13.0"
  oidc_android:
    dependency: transitive
    description:
      name: oidc_android
      sha256: e5dd07fdcee222be6ea0b9f6663bdc1a744074fd40e89f21a0f7d8e7c36301bd
      url: "https://pub.dev"
    source: hosted
    version: "0.8.0"
  oidc_core:
    dependency: transitive
    description:
      name: oidc_core
      sha256: b7c6d1bb4edd2f8fd68d4a9ac85e0a48e15fefc56fc22472ba297c0df2cdcb81
      url: "https://pub.dev"
    source: hosted
    version: "0.15.0"
  oidc_default_store:
    dependency: transitive
    description:
      name: oidc_default_store
      sha256: "165e8a4ffdd4f466f72797c02dc59f3a1da3bbfd44cade0e05ab0369e78a5430"
      url: "https://pub.dev"
    source: hosted
    version: "0.5.0"
  oidc_desktop:
    dependency: transitive
    description:
      name: oidc_desktop
      sha256: e593d6f1b49b9e15ca73c896c7bf3afb01ad0b7eef915d47948c1e0c69c3ee40
      url: "https://pub.dev"
    source: hosted
    version: "0.7.0"
  oidc_flutter_appauth:
    dependency: transitive
    description:
      name: oidc_flutter_appauth
      sha256: "29af964928763c0c3ce7890407f573182b868a85daa5f8f8eb0da0afd965c7be"
      url: "https://pub.dev"
    source: hosted
    version: "0.7.0"
  oidc_ios:
    dependency: transitive
    description:
      name: oidc_ios
      sha256: "8dd2509025251a432ba236ebc9dc53a1026bebe77e403beccfcd3743eb773b83"
      url: "https://pub.dev"
    source: hosted
    version: "0.8.0"
  oidc_linux:
    dependency: transitive
    description:
      name: oidc_linux
      sha256: "1aa4e66974267ed6d283b64650f32a1fe9e1e7770a7d6a4c1e95f43facb544f8"
      url: "https://pub.dev"
    source: hosted
    version: "0.5.0"
  oidc_loopback_listener:
    dependency: transitive
    description:
      name: oidc_loopback_listener
      sha256: "4c7a6ac26fee95390c25261729133c55fa55cf26b7a6d5a985c696dca5fd440b"
      url: "https://pub.dev"
    source: hosted
    version: "0.3.0"
  oidc_macos:
    dependency: transitive
    description:
      name: oidc_macos
      sha256: d0d7206de5b123d2250be7600d7c27dbec18357c5d31e06928ecb678fea52607
      url: "https://pub.dev"
    source: hosted
    version: "0.8.0"
  oidc_platform_interface:
    dependency: transitive
    description:
      name: oidc_platform_interface
      sha256: "9ae34b9d7fd663be32fb5043d1bb1bae18bef7e360229dd48813d9524a385350"
      url: "https://pub.dev"
    source: hosted
    version: "0.7.0"
  oidc_web:
    dependency: transitive
    description:
      name: oidc_web
      sha256: "1663ca57b519a0465805bdd58c6ed7dccd4e1fc3f0d8616359b80f609656869b"
      url: "https://pub.dev"
    source: hosted
    version: "0.7.0"
  oidc_web_core:
    dependency: transitive
    description:
      name: oidc_web_core
      sha256: "2ab80fb9136b0beea8da2746c4caa5c76c023b34003dace58b82ec9ecb168075"
      url: "https://pub.dev"
    source: hosted
    version: "0.4.0"
  oidc_windows:
    dependency: transitive
    description:
      name: oidc_windows
      sha256: "7db877aefbbffc4c4c17ba062c50668ff5e67620de5945f59abb00f180e9b2fd"
      url: "https://pub.dev"
    source: hosted
    version: "0.4.0"
  path:
    dependency: transitive
    description:
      name: path
      sha256: "75cca69d1490965be98c73ceaea117e8a04dd21217b37b292c9ddbec0d955bc5"
      url: "https://pub.dev"
    source: hosted
    version: "1.9.1"
  path_provider_linux:
    dependency: transitive
    description:
      name: path_provider_linux
      sha256: f7a1fe3a634fe7734c8d3f2766ad746ae2a2884abe22e241a8b301bf5cac3279
      url: "https://pub.dev"
    source: hosted
    version: "2.2.1"
  path_provider_platform_interface:
    dependency: transitive
    description:
      name: path_provider_platform_interface
      sha256: "88f5779f72ba699763fa3a3b06aa4bf6de76c8e5de842cf6f29e2e06476c2334"
      url: "https://pub.dev"
    source: hosted
    version: "2.1.2"
  path_provider_windows:
    dependency: transitive
    description:
      name: path_provider_windows
      sha256: bd6f00dbd873bfb70d0761682da2b3a2c2fccc2b9e84c495821639601d81afe7
      url: "https://pub.dev"
    source: hosted
    version: "2.3.0"
  platform:
    dependency: transitive
    description:
      name: platform
      sha256: "5d6b1b0036a5f331ebc77c850ebc8506cbc1e9416c27e59b439f917a902a4984"
      url: "https://pub.dev"
    source: hosted
    version: "3.1.6"
  plugin_platform_interface:
    dependency: transitive
    description:
      name: plugin_platform_interface
      sha256: "4820fbfdb9478b1ebae27888254d445073732dae3d6ea81f0b7e06d5dedc3f02"
      url: "https://pub.dev"
    source: hosted
    version: "2.1.8"
  pointycastle:
    dependency: transitive
    description:
      name: pointycastle
      sha256: "92aa3841d083cc4b0f4709b5c74fd6409a3e6ba833ffc7dc6a8fee096366acf5"
      url: "https://pub.dev"
    source: hosted
    version: "4.0.0"
  process:
    dependency: transitive
    description:
      name: process
      sha256: c6248e4526673988586e8c00bb22a49210c258dc91df5227d5da9748ecf79744
      url: "https://pub.dev"
    source: hosted
    version: "5.0.5"
  retry:
    dependency: transitive
    description:
      name: retry
      sha256: "822e118d5b3aafed083109c72d5f484c6dc66707885e07c0fbcb8b986bba7efc"
      url: "https://pub.dev"
    source: hosted
    version: "3.1.2"
  rxdart:
    dependency: transitive
    description:
      name: rxdart
      sha256: "5c3004a4a8dbb94bd4bf5412a4def4acdaa12e12f269737a5751369e12d1a962"
      url: "https://pub.dev"
    source: hosted
    version: "0.28.0"
  sembast:
    dependency: transitive
    description:
      name: sembast
      sha256: "139cf71496105de32e7a08a4e3a1ead0f81c4a616ec9703ed07e8f0d10cdd505"
      url: "https://pub.dev"
    source: hosted
    version: "3.8.6"
  sembast_web:
    dependency: transitive
    description:
      name: sembast_web
      sha256: "608263a0ee8afdd4ebcf0c0c6f9bd63d6aa47f0bb4950c96d929ab4959d1c516"
      url: "https://pub.dev"
    source: hosted
    version: "2.4.4"
  shared_preferences:
    dependency: transitive
    description:
      name: shared_preferences
      sha256: "2939ae520c9024cb197fc20dee269cd8cdbf564c8b5746374ec6cacdc5169e64"
      url: "https://pub.dev"
    source: hosted
    version: "2.5.4"
  shared_preferences_android:
    dependency: transitive
    description:
      name: shared_preferences_android
      sha256: "83af5c682796c0f7719c2bbf74792d113e40ae97981b8f266fa84574573556bc"
      url: "https://pub.dev"
    source: hosted
    version: "2.4.18"
  shared_preferences_foundation:
    dependency: transitive
    description:
      name: shared_preferences_foundation
      sha256: "4e7eaffc2b17ba398759f1151415869a34771ba11ebbccd1b0145472a619a64f"
      url: "https://pub.dev"
    source: hosted
    version: "2.5.6"
  shared_preferences_linux:
    dependency: transitive
    description:
      name: shared_preferences_linux
      sha256: "580abfd40f415611503cae30adf626e6656dfb2f0cee8f465ece7b6defb40f2f"
      url: "https://pub.dev"
    source: hosted
    version: "2.4.1"
  shared_preferences_platform_interface:
    dependency: transitive
    description:
      name: shared_preferences_platform_interface
      sha256: "57cbf196c486bc2cf1f02b85784932c6094376284b3ad5779d1b1c6c6a816b80"
      url: "https://pub.dev"
    source: hosted
    version: "2.4.1"
  shared_preferences_web:
    dependency: transitive
    description:
      name: shared_preferences_web
      sha256: c49bd060261c9a3f0ff445892695d6212ff603ef3115edbb448509d407600019
      url: "https://pub.dev"
    source: hosted
    version: "2.4.3"
  shared_preferences_windows:
    dependency: transitive
    description:
      name: shared_preferences_windows
      sha256: "94ef0f72b2d71bc3e700e025db3710911bd51a71cefb65cc609dd0d9a982e3c1"
      url: "https://pub.dev"
    source: hosted
    version: "2.4.1"
  simple_secure_storage:
    dependency: transitive
    description:
      name: simple_secure_storage
      sha256: ca823a355bb7bb0e9b969876508e7d3a5dc0d1fb2dcb681c85b6e315f1e876e9
      url: "https://pub.dev"
    source: hosted
    version: "0.3.7"
  simple_secure_storage_android:
    dependency: transitive
    description:
      name: simple_secure_storage_android
      sha256: "50fb27267755843af039da116d0e545f313ae329ef8838101880802259e0f741"
      url: "https://pub.dev"
    source: hosted
    version: "0.3.1"
  simple_secure_storage_darwin:
    dependency: transitive
    description:
      name: simple_secure_storage_darwin
      sha256: "8bd2ffcc62b478957ce20046bb96618b91a11e74af5d9fe2b4b229117bad18a7"
      url: "https://pub.dev"
    source: hosted
    version: "0.2.2"
  simple_secure_storage_linux:
    dependency: transitive
    description:
      name: simple_secure_storage_linux
      sha256: a7b7dccfaf496c27f882c26634ac083f2f545c0a4ca0818534c6261205a83686
      url: "https://pub.dev"
    source: hosted
    version: "0.2.5"
  simple_secure_storage_platform_interface:
    dependency: transitive
    description:
      name: simple_secure_storage_platform_interface
      sha256: "04fd4ce4c2b97c01a12eba46f51e3075a793d11f13340d06a64eb9b45a463ca5"
      url: "https://pub.dev"
    source: hosted
    version: "0.2.3"
  simple_secure_storage_web:
    dependency: transitive
    description:
      name: simple_secure_storage_web
      sha256: "63a3474a9931ab2587e01d22e7e95c0b7cc31338c0fafed5db9d1d798d1d3e0e"
      url: "https://pub.dev"
    source: hosted
    version: "0.2.3"
  simple_secure_storage_windows:
    dependency: transitive
    description:
      name: simple_secure_storage_windows
      sha256: cf31d2a97c26cf854aeb3c9774cd253f6600fb3fdfc6d807d480afae678cef10
      url: "https://pub.dev"
    source: hosted
    version: "0.3.2"
  sky_engine:
    dependency: transitive
    description: flutter
    source: sdk
    version: "0.0.0"
  solid_auth:
    dependency: "direct main"
    description:
      path: ".."
      relative: true
    source: path
    version: "0.2.0-dev.1"
  source_span:
    dependency: transitive
    description:
      name: source_span
      sha256: "254ee5351d6cb365c859e20ee823c3bb479bf4a293c22d17a9f1bf144ce86f7c"
      url: "https://pub.dev"
    source: hosted
    version: "1.10.1"
  stack_trace:
    dependency: transitive
    description:
      name: stack_trace
      sha256: "8b27215b45d22309b5cddda1aa2b19bdfec9df0e765f2de506401c071d38d1b1"
      url: "https://pub.dev"
    source: hosted
    version: "1.12.1"
  stream_channel:
    dependency: transitive
    description:
      name: stream_channel
      sha256: "969e04c80b8bcdf826f8f16579c7b14d780458bd97f56d107d3950fdbeef059d"
      url: "https://pub.dev"
    source: hosted
    version: "2.1.4"
  string_scanner:
    dependency: transitive
    description:
      name: string_scanner
      sha256: "921cd31725b72fe181906c6a94d987c78e3b98c2e205b397ea399d4054872b43"
      url: "https://pub.dev"
    source: hosted
    version: "1.4.1"
  sync_http:
    dependency: transitive
    description:
      name: sync_http
      sha256: "7f0cd72eca000d2e026bcd6f990b81d0ca06022ef4e32fb257b30d3d1014a961"
      url: "https://pub.dev"
    source: hosted
    version: "0.3.1"
  synchronized:
    dependency: transitive
    description:
      name: synchronized
      sha256: c254ade258ec8282947a0acbbc90b9575b4f19673533ee46f2f6e9b3aeefd7c0
      url: "https://pub.dev"
    source: hosted
    version: "3.4.0"
  term_glyph:
    dependency: transitive
    description:
      name: term_glyph
      sha256: "7f554798625ea768a7518313e58f83891c7f5024f88e46e7182a4558850a4b8e"
      url: "https://pub.dev"
    source: hosted
    version: "1.2.2"
  test_api:
    dependency: transitive
    description:
      name: test_api
      sha256: ab2726c1a94d3176a45960b6234466ec367179b87dd74f1611adb1f3b5fb9d55
      url: "https://pub.dev"
    source: hosted
    version: "0.7.7"
  typed_data:
    dependency: transitive
    description:
      name: typed_data
      sha256: f9049c039ebfeb4cf7a7104a675823cd72dba8297f264b6637062516699fa006
      url: "https://pub.dev"
    source: hosted
    version: "1.4.0"
  url_launcher:
    dependency: transitive
    description:
      name: url_launcher
      sha256: f6a7e5c4835bb4e3026a04793a4199ca2d14c739ec378fdfe23fc8075d0439f8
      url: "https://pub.dev"
    source: hosted
    version: "6.3.2"
  url_launcher_android:
    dependency: transitive
    description:
      name: url_launcher_android
      sha256: "767344bf3063897b5cf0db830e94f904528e6dd50a6dfaf839f0abf509009611"
      url: "https://pub.dev"
    source: hosted
    version: "6.3.28"
  url_launcher_ios:
    dependency: transitive
    description:
      name: url_launcher_ios
      sha256: cfde38aa257dae62ffe79c87fab20165dfdf6988c1d31b58ebf59b9106062aad
      url: "https://pub.dev"
    source: hosted
    version: "6.3.6"
  url_launcher_linux:
    dependency: transitive
    description:
      name: url_launcher_linux
      sha256: d5e14138b3bc193a0f63c10a53c94b91d399df0512b1f29b94a043db7482384a
      url: "https://pub.dev"
    source: hosted
    version: "3.2.2"
  url_launcher_macos:
    dependency: transitive
    description:
      name: url_launcher_macos
      sha256: "368adf46f71ad3c21b8f06614adb38346f193f3a59ba8fe9a2fd74133070ba18"
      url: "https://pub.dev"
    source: hosted
    version: "3.2.5"
  url_launcher_platform_interface:
    dependency: transitive
    description:
      name: url_launcher_platform_interface
      sha256: "552f8a1e663569be95a8190206a38187b531910283c3e982193e4f2733f01029"
      url: "https://pub.dev"
    source: hosted
    version: "2.3.2"
  url_launcher_web:
    dependency: transitive
    description:
      name: url_launcher_web
      sha256: d0412fcf4c6b31ecfdb7762359b7206ffba3bbffd396c6d9f9c4616ece476c1f
      url: "https://pub.dev"
    source: hosted
    version: "2.4.2"
  url_launcher_windows:
    dependency: transitive
    description:
      name: url_launcher_windows
      sha256: "712c70ab1b99744ff066053cbe3e80c73332b38d46e5e945c98689b2e66fc15f"
      url: "https://pub.dev"
    source: hosted
    version: "3.1.5"
  uuid:
    dependency: transitive
    description:
      name: uuid
      sha256: a11b666489b1954e01d992f3d601b1804a33937b5a8fe677bd26b8a9f96f96e8
      url: "https://pub.dev"
    source: hosted
    version: "4.5.2"
  vector_math:
    dependency: transitive
    description:
      name: vector_math
      sha256: d530bd74fea330e6e364cda7a85019c434070188383e1cd8d9777ee586914c5b
      url: "https://pub.dev"
    source: hosted
    version: "2.2.0"
  vm_service:
    dependency: transitive
    description:
      name: vm_service
      sha256: "45caa6c5917fa127b5dbcfbd1fa60b14e583afdc08bfc96dda38886ca252eb60"
      url: "https://pub.dev"
    source: hosted
    version: "15.0.2"
  web:
    dependency: transitive
    description:
      name: web
      sha256: "868d88a33d8a87b18ffc05f9f030ba328ffefba92d6c127917a2ba740f9cfe4a"
      url: "https://pub.dev"
    source: hosted
    version: "1.1.1"
  webcrypto:
    dependency: transitive
    description:
      name: webcrypto
      sha256: "6b43001c4110856ff7fa5e5e65e7b2d44bec1d8b54a4d84d5fa2c7622267c5c1"
      url: "https://pub.dev"
    source: hosted
    version: "0.6.0"
  webdriver:
    dependency: transitive
    description:
      name: webdriver
      sha256: "2f3a14ca026957870cfd9c635b83507e0e51d8091568e90129fbf805aba7cade"
      url: "https://pub.dev"
    source: hosted
    version: "3.1.0"
  window_to_front:
    dependency: transitive
    description:
      name: window_to_front
      sha256: "7aef379752b7190c10479e12b5fd7c0b9d92adc96817d9e96c59937929512aee"
      url: "https://pub.dev"
    source: hosted
    version: "0.0.3"
  x509_plus:
    dependency: transitive
    description:
      name: x509_plus
      sha256: f9f5caade6077c9a605125428d0bf79c002afa35a475d400849adb1a25ebeee6
      url: "https://pub.dev"
    source: hosted
    version: "0.3.3"
  xdg_directories:
    dependency: transitive
    description:
      name: xdg_directories
      sha256: "7a3f37b05d989967cdddcbb571f1ea834867ae2faa29725fd085180e0883aa15"
      url: "https://pub.dev"
    source: hosted
    version: "1.1.0"
sdks:
  dart: ">=3.10.0 <4.0.0"
  flutter: ">=3.38.0"
